// !$*UTF8*$!
{
	archiveVersion = 1;
	classes = {
	};
	objectVersion = 50;
	objects = {

/* Begin PBXBuildFile section */
		0425A90A24EFB4CC00DB1D74 /* NetworkManager.swift in Sources */ = {isa = PBXBuildFile; fileRef = 0425A90924EFB4CC00DB1D74 /* NetworkManager.swift */; };
		0425A90C24EFB73900DB1D74 /* PostDataJson.swift in Sources */ = {isa = PBXBuildFile; fileRef = 0425A90B24EFB73900DB1D74 /* PostDataJson.swift */; };
		0425A91124EFCA7800DB1D74 /* DetailView.swift in Sources */ = {isa = PBXBuildFile; fileRef = 0425A91024EFCA7800DB1D74 /* DetailView.swift */; };
		0425A91324EFD7F800DB1D74 /* WebView.swift in Sources */ = {isa = PBXBuildFile; fileRef = 0425A91224EFD7F800DB1D74 /* WebView.swift */; };
		04882ABC24EE96CB00D4D96B /* AppDelegate.swift in Sources */ = {isa = PBXBuildFile; fileRef = 04882ABB24EE96CB00D4D96B /* AppDelegate.swift */; };
		04882ABE24EE96CB00D4D96B /* SceneDelegate.swift in Sources */ = {isa = PBXBuildFile; fileRef = 04882ABD24EE96CB00D4D96B /* SceneDelegate.swift */; };
		04882AC024EE96CB00D4D96B /* ContentView.swift in Sources */ = {isa = PBXBuildFile; fileRef = 04882ABF24EE96CB00D4D96B /* ContentView.swift */; };
		04882AC224EE96CD00D4D96B /* Assets.xcassets in Resources */ = {isa = PBXBuildFile; fileRef = 04882AC124EE96CD00D4D96B /* Assets.xcassets */; };
		04882AC524EE96CD00D4D96B /* Preview Assets.xcassets in Resources */ = {isa = PBXBuildFile; fileRef = 04882AC424EE96CD00D4D96B /* Preview Assets.xcassets */; };
		04882AC824EE96CD00D4D96B /* LaunchScreen.storyboard in Resources */ = {isa = PBXBuildFile; fileRef = 04882AC624EE96CD00D4D96B /* LaunchScreen.storyboard */; };
/* End PBXBuildFile section */

/* Begin PBXFileReference section */
		0425A90924EFB4CC00DB1D74 /* NetworkManager.swift */ = {isa = PBXFileReference; lastKnownFileType = sourcecode.swift; path = NetworkManager.swift; sourceTree = "<group>"; };
		0425A90B24EFB73900DB1D74 /* PostDataJson.swift */ = {isa = PBXFileReference; lastKnownFileType = sourcecode.swift; path = PostDataJson.swift; sourceTree = "<group>"; };
		0425A91024EFCA7800DB1D74 /* DetailView.swift */ = {isa = PBXFileReference; lastKnownFileType = sourcecode.swift; path = DetailView.swift; sourceTree = "<group>"; };
		0425A91224EFD7F800DB1D74 /* WebView.swift */ = {isa = PBXFileReference; lastKnownFileType = sourcecode.swift; path = WebView.swift; sourceTree = "<group>"; };
		0467DB1C24F0FE7C002E68AB /* HackerNews.entitlements */ = {isa = PBXFileReference; lastKnownFileType = text.plist.entitlements; path = HackerNews.entitlements; sourceTree = "<group>"; };
		04882AB824EE96CB00D4D96B /* HackerNews.app */ = {isa = PBXFileReference; explicitFileType = wrapper.application; includeInIndex = 0; path = HackerNews.app; sourceTree = BUILT_PRODUCTS_DIR; };
		04882ABB24EE96CB00D4D96B /* AppDelegate.swift */ = {isa = PBXFileReference; lastKnownFileType = sourcecode.swift; path = AppDelegate.swift; sourceTree = "<group>"; };
		04882ABD24EE96CB00D4D96B /* SceneDelegate.swift */ = {isa = PBXFileReference; lastKnownFileType = sourcecode.swift; path = SceneDelegate.swift; sourceTree = "<group>"; };
		04882ABF24EE96CB00D4D96B /* ContentView.swift */ = {isa = PBXFileReference; lastKnownFileType = sourcecode.swift; path = ContentView.swift; sourceTree = "<group>"; };
		04882AC124EE96CD00D4D96B /* Assets.xcassets */ = {isa = PBXFileReference; lastKnownFileType = folder.assetcatalog; path = Assets.xcassets; sourceTree = "<group>"; };
		04882AC424EE96CD00D4D96B /* Preview Assets.xcassets */ = {isa = PBXFileReference; lastKnownFileType = folder.assetcatalog; path = "Preview Assets.xcassets"; sourceTree = "<group>"; };
		04882AC724EE96CD00D4D96B /* Base */ = {isa = PBXFileReference; lastKnownFileType = file.storyboard; name = Base; path = Base.lproj/LaunchScreen.storyboard; sourceTree = "<group>"; };
		04882AC924EE96CD00D4D96B /* Info.plist */ = {isa = PBXFileReference; lastKnownFileType = text.plist.xml; path = Info.plist; sourceTree = "<group>"; };
/* End PBXFileReference section */

/* Begin PBXFrameworksBuildPhase section */
		04882AB524EE96CB00D4D96B /* Frameworks */ = {
			isa = PBXFrameworksBuildPhase;
			buildActionMask = 2147483647;
			files = (
			);
			runOnlyForDeploymentPostprocessing = 0;
		};
/* End PBXFrameworksBuildPhase section */

/* Begin PBXGroup section */
		0425A90824EFB4B200DB1D74 /* Models */ = {
			isa = PBXGroup;
			children = (
				0425A90924EFB4CC00DB1D74 /* NetworkManager.swift */,
				0425A90B24EFB73900DB1D74 /* PostDataJson.swift */,
			);
			path = Models;
			sourceTree = "<group>";
		};
		0425A90D24EFCA4500DB1D74 /* View */ = {
			isa = PBXGroup;
			children = (
				04882ABF24EE96CB00D4D96B /* ContentView.swift */,
				0425A91024EFCA7800DB1D74 /* DetailView.swift */,
				0425A91224EFD7F800DB1D74 /* WebView.swift */,
			);
			path = View;
			sourceTree = "<group>";
		};
		04882AAF24EE96CB00D4D96B = {
			isa = PBXGroup;
			children = (
				04882ABA24EE96CB00D4D96B /* HackerNews */,
				04882AB924EE96CB00D4D96B /* Products */,
			);
			sourceTree = "<group>";
		};
		04882AB924EE96CB00D4D96B /* Products */ = {
			isa = PBXGroup;
			children = (
				04882AB824EE96CB00D4D96B /* HackerNews.app */,
			);
			name = Products;
			sourceTree = "<group>";
		};
		04882ABA24EE96CB00D4D96B /* HackerNews */ = {
			isa = PBXGroup;
			children = (
				0467DB1C24F0FE7C002E68AB /* HackerNews.entitlements */,
				04882ABB24EE96CB00D4D96B /* AppDelegate.swift */,
				04882ABD24EE96CB00D4D96B /* SceneDelegate.swift */,
				0425A90D24EFCA4500DB1D74 /* View */,
				0425A90824EFB4B200DB1D74 /* Models */,
				04882AC124EE96CD00D4D96B /* Assets.xcassets */,
				04882AC624EE96CD00D4D96B /* LaunchScreen.storyboard */,
				04882AC924EE96CD00D4D96B /* Info.plist */,
				04882AC324EE96CD00D4D96B /* Preview Content */,
			);
			path = HackerNews;
			sourceTree = "<group>";
		};
		04882AC324EE96CD00D4D96B /* Preview Content */ = {
			isa = PBXGroup;
			children = (
				04882AC424EE96CD00D4D96B /* Preview Assets.xcassets */,
			);
			path = "Preview Content";
			sourceTree = "<group>";
		};
/* End PBXGroup section */

/* Begin PBXNativeTarget section */
		04882AB724EE96CB00D4D96B /* HackerNews */ = {
			isa = PBXNativeTarget;
			buildConfigurationList = 04882ACC24EE96CD00D4D96B /* Build configuration list for PBXNativeTarget "HackerNews" */;
			buildPhases = (
				04882AB424EE96CB00D4D96B /* Sources */,
				04882AB524EE96CB00D4D96B /* Frameworks */,
				04882AB624EE96CB00D4D96B /* Resources */,
			);
			buildRules = (
			);
			dependencies = (
			);
			name = HackerNews;
			productName = HackerNews;
			productReference = 04882AB824EE96CB00D4D96B /* HackerNews.app */;
			productType = "com.apple.product-type.application";
		};
/* End PBXNativeTarget section */

/* Begin PBXProject section */
		04882AB024EE96CB00D4D96B /* Project object */ = {
			isa = PBXProject;
			attributes = {
				LastSwiftUpdateCheck = 1160;
				LastUpgradeCheck = 1160;
				ORGANIZATIONNAME = Mac;
				TargetAttributes = {
					04882AB724EE96CB00D4D96B = {
						CreatedOnToolsVersion = 11.6;
					};
				};
			};
			buildConfigurationList = 04882AB324EE96CB00D4D96B /* Build configuration list for PBXProject "HackerNews" */;
			compatibilityVersion = "Xcode 9.3";
			developmentRegion = en;
			hasScannedForEncodings = 0;
			knownRegions = (
				en,
				Base,
			);
			mainGroup = 04882AAF24EE96CB00D4D96B;
			productRefGroup = 04882AB924EE96CB00D4D96B /* Products */;
			projectDirPath = "";
			projectRoot = "";
			targets = (
				04882AB724EE96CB00D4D96B /* HackerNews */,
			);
		};
/* End PBXProject section */

/* Begin PBXResourcesBuildPhase section */
		04882AB624EE96CB00D4D96B /* Resources */ = {
			isa = PBXResourcesBuildPhase;
			buildActionMask = 2147483647;
			files = (
				04882AC824EE96CD00D4D96B /* LaunchScreen.storyboard in Resources */,
				04882AC524EE96CD00D4D96B /* Preview Assets.xcassets in Resources */,
				04882AC224EE96CD00D4D96B /* Assets.xcassets in Resources */,
			);
			runOnlyForDeploymentPostprocessing = 0;
		};
/* End PBXResourcesBuildPhase section */

/* Begin PBXSourcesBuildPhase section */
		04882AB424EE96CB00D4D96B /* Sources */ = {
			isa = PBXSourcesBuildPhase;
			buildActionMask = 2147483647;
			files = (
				0425A90A24EFB4CC00DB1D74 /* NetworkManager.swift in Sources */,
				0425A91124EFCA7800DB1D74 /* DetailView.swift in Sources */,
				04882ABC24EE96CB00D4D96B /* AppDelegate.swift in Sources */,
				04882ABE24EE96CB00D4D96B /* SceneDelegate.swift in Sources */,
				0425A90C24EFB73900DB1D74 /* PostDataJson.swift in Sources */,
				04882AC024EE96CB00D4D96B /* ContentView.swift in Sources */,
				0425A91324EFD7F800DB1D74 /* WebView.swift in Sources */,
			);
			runOnlyForDeploymentPostprocessing = 0;
		};
/* End PBXSourcesBuildPhase section */

/* Begin PBXVariantGroup section */
		04882AC624EE96CD00D4D96B /* LaunchScreen.storyboard */ = {
			isa = PBXVariantGroup;
			children = (
				04882AC724EE96CD00D4D96B /* Base */,
			);
			name = LaunchScreen.storyboard;
			sourceTree = "<group>";
		};
/* End PBXVariantGroup section */

/* Begin XCBuildConfiguration section */
		04882ACA24EE96CD00D4D96B /* Debug */ = {
			isa = XCBuildConfiguration;
			buildSettings = {
				ALWAYS_SEARCH_USER_PATHS = NO;
				CLANG_ANALYZER_NONNULL = YES;
				CLANG_ANALYZER_NUMBER_OBJECT_CONVERSION = YES_AGGRESSIVE;
				CLANG_CXX_LANGUAGE_STANDARD = "gnu++14";
				CLANG_CXX_LIBRARY = "libc++";
				CLANG_ENABLE_MODULES = YES;
				CLANG_ENABLE_OBJC_ARC = YES;
				CLANG_ENABLE_OBJC_WEAK = YES;
				CLANG_WARN_BLOCK_CAPTURE_AUTORELEASING = YES;
				CLANG_WARN_BOOL_CONVERSION = YES;
				CLANG_WARN_COMMA = YES;
				CLANG_WARN_CONSTANT_CONVERSION = YES;
				CLANG_WARN_DEPRECATED_OBJC_IMPLEMENTATIONS = YES;
				CLANG_WARN_DIRECT_OBJC_ISA_USAGE = YES_ERROR;
				CLANG_WARN_DOCUMENTATION_COMMENTS = YES;
				CLANG_WARN_EMPTY_BODY = YES;
				CLANG_WARN_ENUM_CONVERSION = YES;
				CLANG_WARN_INFINITE_RECURSION = YES;
				CLANG_WARN_INT_CONVERSION = YES;
				CLANG_WARN_NON_LITERAL_NULL_CONVERSION = YES;
				CLANG_WARN_OBJC_IMPLICIT_RETAIN_SELF = YES;
				CLANG_WARN_OBJC_LITERAL_CONVERSION = YES;
				CLANG_WARN_OBJC_ROOT_CLASS = YES_ERROR;
				CLANG_WARN_RANGE_LOOP_ANALYSIS = YES;
				CLANG_WARN_STRICT_PROTOTYPES = YES;
				CLANG_WARN_SUSPICIOUS_MOVE = YES;
				CLANG_WARN_UNGUARDED_AVAILABILITY = YES_AGGRESSIVE;
				CLANG_WARN_UNREACHABLE_CODE = YES;
				CLANG_WARN__DUPLICATE_METHOD_MATCH = YES;
				COPY_PHASE_STRIP = NO;
				DEBUG_INFORMATION_FORMAT = dwarf;
				ENABLE_STRICT_OBJC_MSGSEND = YES;
				ENABLE_TESTABILITY = YES;
				GCC_C_LANGUAGE_STANDARD = gnu11;
				GCC_DYNAMIC_NO_PIC = NO;
				GCC_NO_COMMON_BLOCKS = YES;
				GCC_OPTIMIZATION_LEVEL = 0;
				GCC_PREPROCESSOR_DEFINITIONS = (
					"DEBUG=1",
					"$(inherited)",
				);
				GCC_WARN_64_TO_32_BIT_CONVERSION = YES;
				GCC_WARN_ABOUT_RETURN_TYPE = YES_ERROR;
				GCC_WARN_UNDECLARED_SELECTOR = YES;
				GCC_WARN_UNINITIALIZED_AUTOS = YES_AGGRESSIVE;
				GCC_WARN_UNUSED_FUNCTION = YES;
				GCC_WARN_UNUSED_VARIABLE = YES;
				IPHONEOS_DEPLOYMENT_TARGET = 13.6;
				MTL_ENABLE_DEBUG_INFO = INCLUDE_SOURCE;
				MTL_FAST_MATH = YES;
				ONLY_ACTIVE_ARCH = YES;
				SDKROOT = iphoneos;
				SWIFT_ACTIVE_COMPILATION_CONDITIONS = DEBUG;
				SWIFT_OPTIMIZATION_LEVEL = "-Onone";
			};
			name = Debug;
		};
		04882ACB24EE96CD00D4D96B /* Release */ = {
			isa = XCBuildConfiguration;
			buildSettings = {
				ALWAYS_SEARCH_USER_PATHS = NO;
				CLANG_ANALYZER_NONNULL = YES;
				CLANG_ANALYZER_NUMBER_OBJECT_CONVERSION = YES_AGGRESSIVE;
				CLANG_CXX_LANGUAGE_STANDARD = "gnu++14";
				CLANG_CXX_LIBRARY = "libc++";
				CLANG_ENABLE_MODULES = YES;
				CLANG_ENABLE_OBJC_ARC = YES;
				CLANG_ENABLE_OBJC_WEAK = YES;
				CLANG_WARN_BLOCK_CAPTURE_AUTORELEASING = YES;
				CLANG_WARN_BOOL_CONVERSION = YES;
				CLANG_WARN_COMMA = YES;
				CLANG_WARN_CONSTANT_CONVERSION = YES;
				CLANG_WARN_DEPRECATED_OBJC_IMPLEMENTATIONS = YES;
				CLANG_WARN_DIRECT_OBJC_ISA_USAGE = YES_ERROR;
				CLANG_WARN_DOCUMENTATION_COMMENTS = YES;
				CLANG_WARN_EMPTY_BODY = YES;
				CLANG_WARN_ENUM_CONVERSION = YES;
				CLANG_WARN_INFINITE_RECURSION = YES;
				CLANG_WARN_INT_CONVERSION = YES;
				CLANG_WARN_NON_LITERAL_NULL_CONVERSION = YES;
				CLANG_WARN_OBJC_IMPLICIT_RETAIN_SELF = YES;
				CLANG_WARN_OBJC_LITERAL_CONVERSION = YES;
				CLANG_WARN_OBJC_ROOT_CLASS = YES_ERROR;
				CLANG_WARN_RANGE_LOOP_ANALYSIS = YES;
				CLANG_WARN_STRICT_PROTOTYPES = YES;
				CLANG_WARN_SUSPICIOUS_MOVE = YES;
				CLANG_WARN_UNGUARDED_AVAILABILITY = YES_AGGRESSIVE;
				CLANG_WARN_UNREACHABLE_CODE = YES;
				CLANG_WARN__DUPLICATE_METHOD_MATCH = YES;
				COPY_PHASE_STRIP = NO;
				DEBUG_INFORMATION_FORMAT = "dwarf-with-dsym";
				ENABLE_NS_ASSERTIONS = NO;
				ENABLE_STRICT_OBJC_MSGSEND = YES;
				GCC_C_LANGUAGE_STANDARD = gnu11;
				GCC_NO_COMMON_BLOCKS = YES;
				GCC_WARN_64_TO_32_BIT_CONVERSION = YES;
				GCC_WARN_ABOUT_RETURN_TYPE = YES_ERROR;
				GCC_WARN_UNDECLARED_SELECTOR = YES;
				GCC_WARN_UNINITIALIZED_AUTOS = YES_AGGRESSIVE;
				GCC_WARN_UNUSED_FUNCTION = YES;
				GCC_WARN_UNUSED_VARIABLE = YES;
				IPHONEOS_DEPLOYMENT_TARGET = 13.6;
				MTL_ENABLE_DEBUG_INFO = NO;
				MTL_FAST_MATH = YES;
				SDKROOT = iphoneos;
				SWIFT_COMPILATION_MODE = wholemodule;
				SWIFT_OPTIMIZATION_LEVEL = "-O";
				VALIDATE_PRODUCT = YES;
			};
			name = Release;
		};
		04882ACD24EE96CD00D4D96B /* Debug */ = {
			isa = XCBuildConfiguration;
			buildSettings = {
				ASSETCATALOG_COMPILER_APPICON_NAME = AppIcon;
				CODE_SIGN_ENTITLEMENTS = HackerNews/HackerNews.entitlements;
				CODE_SIGN_IDENTITY = "Apple Development";
				"CODE_SIGN_IDENTITY[sdk=macosx*]" = "Apple Development";
				CODE_SIGN_STYLE = Automatic;
				DEVELOPMENT_ASSET_PATHS = "\"HackerNews/Preview Content\"";
				DEVELOPMENT_TEAM = L5GLCDUS9N;
				ENABLE_PREVIEWS = YES;
				INFOPLIST_FILE = HackerNews/Info.plist;
				LD_RUNPATH_SEARCH_PATHS = (
					"$(inherited)",
					"@executable_path/Frameworks",
				);
				PRODUCT_BUNDLE_IDENTIFIER = com.Mukunda.HackerNews;
				PRODUCT_NAME = "$(TARGET_NAME)";
				PROVISIONING_PROFILE_SPECIFIER = "";
				"PROVISIONING_PROFILE_SPECIFIER[sdk=macosx*]" = "";
				SUPPORTS_MACCATALYST = YES;
				SWIFT_VERSION = 5.0;
				TARGETED_DEVICE_FAMILY = "1,2";
			};
			name = Debug;
		};
		04882ACE24EE96CD00D4D96B /* Release */ = {
			isa = XCBuildConfiguration;
			buildSettings = {
				ASSETCATALOG_COMPILER_APPICON_NAME = AppIcon;
				CODE_SIGN_ENTITLEMENTS = HackerNews/HackerNews.entitlements;
				CODE_SIGN_IDENTITY = "Apple Development";
				"CODE_SIGN_IDENTITY[sdk=macosx*]" = "Apple Development";
				CODE_SIGN_STYLE = Automatic;
				DEVELOPMENT_ASSET_PATHS = "\"HackerNews/Preview Content\"";
				DEVELOPMENT_TEAM = L5GLCDUS9N;
				ENABLE_PREVIEWS = YES;
				INFOPLIST_FILE = HackerNews/Info.plist;
				LD_RUNPATH_SEARCH_PATHS = (
					"$(inherited)",
					"@executable_path/Frameworks",
				);
				PRODUCT_BUNDLE_IDENTIFIER = com.Mukunda.HackerNews;
				PRODUCT_NAME = "$(TARGET_NAME)";
				PROVISIONING_PROFILE_SPECIFIER = "";
				"PROVISIONING_PROFILE_SPECIFIER[sdk=macosx*]" = "";
				SUPPORTS_MACCATALYST = YES;
				SWIFT_VERSION = 5.0;
				TARGETED_DEVICE_FAMILY = "1,2";
			};
			name = Release;
		};
/* End XCBuildConfiguration section */

/* Begin XCConfigurationList section */
		04882AB324EE96CB00D4D96B /* Build configuration list for PBXProject "HackerNews" */ = {
			isa = XCConfigurationList;
			buildConfigurations = (
				04882ACA24EE96CD00D4D96B /* Debug */,
				04882ACB24EE96CD00D4D96B /* Release */,
			);
			defaultConfigurationIsVisible = 0;
			defaultConfigurationName = Release;
		};
		04882ACC24EE96CD00D4D96B /* Build configuration list for PBXNativeTarget "HackerNews" */ = {
			isa = XCConfigurationList;
			buildConfigurations = (
				04882ACD24EE96CD00D4D96B /* Debug */,
				04882ACE24EE96CD00D4D96B /* Release */,
			);
			defaultConfigurationIsVisible = 0;
			defaultConfigurationName = Release;
		};
/* End XCConfigurationList section */
	};
	rootObject = 04882AB024EE96CB00D4D96B /* Project object */;
}
